
Microsoft Visual Studio Solution File, Format Version 12.00
# Visual Studio Version 17
VisualStudioVersion = 17.12.35527.113
MinimumVisualStudioVersion = 10.0.40219.1
Project("{FAE04EC0-301F-11D3-BF4B-00C04F79EFBC}") = "HelloCSharp", "HelloCSharp\HelloCSharp.csproj", "{2520E768-9F6C-42B2-B60F-F8FD5D9A4E3C}"
EndProject
Project("{FAE04EC0-301F-11D3-BF4B-00C04F79EFBC}") = "03Demo01", "ConsoleApp1\03Demo01.csproj", "{02F2179A-D103-47AF-A46A-1FEFA7E79C02}"
EndProject
Project("{FAE04EC0-301F-11D3-BF4B-00C04F79EFBC}") = "03Demo02", "03Demo02\03Demo02.csproj", "{C12004D8-5B1E-4715-B898-6012A2A631E3}"
EndProject
Project("{FAE04EC0-301F-11D3-BF4B-00C04F79EFBC}") = "03Demo03", "03Demo03\03Demo03.csproj", "{26B71F88-EACF-4E26-9241-D15B612643D1}"
EndProject
Global
	GlobalSection(SolutionConfigurationPlatforms) = preSolution
		Debug|Any CPU = Debug|Any CPU
		Release|Any CPU = Release|Any CPU
	EndGlobalSection
	GlobalSection(ProjectConfigurationPlatforms) = postSolution
		{2520E768-9F6C-42B2-B60F-F8FD5D9A4E3C}.Debug|Any CPU.ActiveCfg = Debug|Any CPU
		{2520E768-9F6C-42B2-B60F-F8FD5D9A4E3C}.Debug|Any CPU.Build.0 = Debug|Any CPU
		{2520E768-9F6C-42B2-B60F-F8FD5D9A4E3C}.Release|Any CPU.ActiveCfg = Release|Any CPU
		{2520E768-9F6C-42B2-B60F-F8FD5D9A4E3C}.Release|Any CPU.Build.0 = Release|Any CPU
		{02F2179A-D103-47AF-A46A-1FEFA7E79C02}.Debug|Any CPU.ActiveCfg = Debug|Any CPU
		{02F2179A-D103-47AF-A46A-1FEFA7E79C02}.Debug|Any CPU.Build.0 = Debug|Any CPU
		{02F2179A-D103-47AF-A46A-1FEFA7E79C02}.Release|Any CPU.ActiveCfg = Release|Any CPU
		{02F2179A-D103-47AF-A46A-1FEFA7E79C02}.Release|Any CPU.Build.0 = Release|Any CPU
		{C12004D8-5B1E-4715-B898-6012A2A631E3}.Debug|Any CPU.ActiveCfg = Debug|Any CPU
		{C12004D8-5B1E-4715-B898-6012A2A631E3}.Debug|Any CPU.Build.0 = Debug|Any CPU
		{C12004D8-5B1E-4715-B898-6012A2A631E3}.Release|Any CPU.ActiveCfg = Release|Any CPU
		{C12004D8-5B1E-4715-B898-6012A2A631E3}.Release|Any CPU.Build.0 = Release|Any CPU
		{26B71F88-EACF-4E26-9241-D15B612643D1}.Debug|Any CPU.ActiveCfg = Debug|Any CPU
		{26B71F88-EACF-4E26-9241-D15B612643D1}.Debug|Any CPU.Build.0 = Debug|Any CPU
		{26B71F88-EACF-4E26-9241-D15B612643D1}.Release|Any CPU.ActiveCfg = Release|Any CPU
		{26B71F88-EACF-4E26-9241-D15B612643D1}.Release|Any CPU.Build.0 = Release|Any CPU
	EndGlobalSection
	GlobalSection(SolutionProperties) = preSolution
		HideSolutionNode = FALSE
	EndGlobalSection
EndGlobal
